<?xml version="1.0" encoding="utf-8"?>
<Project ToolsVersion="4.0" xmlns="http://schemas.microsoft.com/developer/msbuild/2003">
  <ItemGroup>
    <Filter Include="源文件">
      <UniqueIdentifier>{4FC737F1-C7A5-4376-A066-2A32D752A2FF}</UniqueIdentifier>
      <Extensions>cpp;c;cc;cxx;def;odl;idl;hpj;bat;asm;asmx</Extensions>
    </Filter>
    <Filter Include="头文件">
      <UniqueIdentifier>{77d84369-275f-4f61-a374-7107a7363082}</UniqueIdentifier>
    </Filter>
  </ItemGroup>
  <ItemGroup>
    <ClCompile Include="..\..\support\classification\classification.cpp">
      <Filter>源文件</Filter>
    </ClCompile>
    <ClCompile Include="..\..\support\classification\train.cpp">
      <Filter>源文件</Filter>
    </ClCompile>
    <ClCompile Include="..\..\support\model_compress\model_compress.cpp">
      <Filter>源文件</Filter>
    </ClCompile>
    <ClCompile Include="..\..\support\classification\task_pool.cpp">
      <Filter>源文件</Filter>
    </ClCompile>
    <ClCompile Include="..\..\support\classification\convert_imageset.cpp">
      <Filter>源文件</Filter>
    </ClCompile>
  </ItemGroup>
  <ItemGroup>
    <ClInclude Include="..\..\support\model_compress\caffe_layer_vector.h">
      <Filter>头文件</Filter>
    </ClInclude>
    <ClInclude Include="..\..\support\classification\classification.h">
      <Filter>头文件</Filter>
    </ClInclude>
    <ClInclude Include="..\..\support\classification\classification-c.h">
      <Filter>头文件</Filter>
    </ClInclude>
    <ClInclude Include="..\..\support\model_compress\model_compress.h">
      <Filter>头文件</Filter>
    </ClInclude>
  </ItemGroup>
  <ItemGroup>
    <None Include="..\..\support\def.def" />
  </ItemGroup>
</Project>